
Microsoft Visual Studio Solution File, Format Version 12.00
# Visual Studio Version 17
VisualStudioVersion = 17.11.35208.52
MinimumVisualStudioVersion = 10.0.40219.1
Project("{FAE04EC0-301F-11D3-BF4B-00C04F79EFBC}") = "CalculatorApp2", "CalculatorApp2\CalculatorApp2.csproj", "{96D0C4D9-BF25-4B2A-BA6C-DAE600028322}"
EndProject
Global
	GlobalSection(SolutionConfigurationPlatforms) = preSolution
		Debug|Any CPU = Debug|Any CPU
		Release|Any CPU = Release|Any CPU
	EndGlobalSection
	GlobalSection(ProjectConfigurationPlatforms) = postSolution
		{96D0C4D9-BF25-4B2A-BA6C-DAE600028322}.Debug|Any CPU.ActiveCfg = Debug|Any CPU
		{96D0C4D9-BF25-4B2A-BA6C-DAE600028322}.Debug|Any CPU.Build.0 = Debug|Any CPU
		{96D0C4D9-BF25-4B2A-BA6C-DAE600028322}.Release|Any CPU.ActiveCfg = Release|Any CPU
		{96D0C4D9-BF25-4B2A-BA6C-DAE600028322}.Release|Any CPU.Build.0 = Release|Any CPU
	EndGlobalSection
	GlobalSection(SolutionProperties) = preSolution
		HideSolutionNode = FALSE
	EndGlobalSection
	GlobalSection(ExtensibilityGlobals) = postSolution
		SolutionGuid = {3A5D7578-AC7D-4E2A-A3E8-BF7FAF5D6250}
	EndGlobalSection
EndGlobal
